<Solution>
  <Configurations>
    <Platform Name="x64" />
    <Platform Name="x86" />
  </Configurations>
  <Project Path="01_02_SimpleCApp_InputWithScan/01_02_SimpleCApp_InputWithScan.vcxproj" Id="ecba0827-6f82-46ef-afcb-9deff494fa9a" />
  <Project Path="01_VS_SimpleCApp/01_VS_SimpleCApp.vcxproj" Id="2a2a3dbe-9a8d-4d8e-8b1c-830d5a116ce9" />
  <Project Path="02_02_PointersAndStructs/02_02_PointersAndStructs.vcxproj" Id="804275da-53c7-460a-8c46-7ad368e48f18" />
  <Project Path="02_03_PointersStructsAndTypeDef/02_03_PointersStructsAndTypeDef.vcxproj" Id="f63295a6-8e7c-40c7-a846-a072d2da54b5" />
  <Project Path="02_Pointers/02_Pointers.vcxproj" Id="986a1c12-b15c-4d65-9af0-cac3cb411351" />
  <Project Path="03_MemoryUtilitys/03_MemoryUtilitys.vcxproj" Id="a6412588-636c-47fd-a8b5-2b079cfbd96a" />
  <Project Path="04_02_INIParser/04_02_INIParser.vcxproj" Id="f6badd9f-bcfd-4446-8bae-f91745cd96b9" />
  <Project Path="04_Strings/04_Strings.vcxproj" Id="af0619d3-e847-4641-9c33-49d083100b40" />
  <Project Path="05_INIExplorer/05_INIExplorer.vcxproj" Id="87af7275-ada6-4208-bd40-8cdf85af1508">
    <BuildDependency Project="04_02_INIParser/04_02_INIParser.vcxproj" />
  </Project>
  <Project Path="06_SimpleCppApp/06_SimpleCppApp.vcxproj" Id="1788fff3-ce18-4dd7-be33-90e6efdcec31" />
  <Project Path="Exercises/E01_Functions/E01_Functions.vcxproj" Id="07a13779-8c95-436e-a844-22502edbf55b" />
</Solution>
